{
  "name": "regkit-scanner",
  "version": "1.0.0",
  "lockfileVersion": 3,
  "requires": true,
  "packages": {
    "": {
      "name": "regkit-scanner",
      "version": "1.0.0",
      "license": "ISC",
      "dependencies": {
        "chalk": "^4.1.2",
        "js-yaml": "^5.1.0",
        "tree-sitter": "^0.21.1",
        "tree-sitter-javascript": "^0.21.4",
        "tree-sitter-typescript": "^0.21.2"
      }
    },
    "node_modules/ansi-styles": {
      "version": "4.3.0",
      "resolved": "https://registry.npmjs.org/ansi-styles/-/ansi-styles-4.3.0.tgz",
      "integrity": "sha512-zbB9rCJAT1rbjiVDb2hqKFHNYLxgtk8NURxZ3IZwD3F6NtxbXZQCnnSi1Lkx+IDohdPlFp222wVALIheZJQSEg==",
      "license": "MIT",
      "dependencies": {
        "color-convert": "^2.0.1"
      },
      "engines": {
        "node": ">=8"
      },
      "funding": {
        "url": "https://github.com/chalk/ansi-styles?sponsor=1"
      }
    },
    "node_modules/argparse": {
      "version": "2.0.1",
      "resolved": "https://registry.npmjs.org/argparse/-/argparse-2.0.1.tgz",
      "integrity": "sha512-8+9WqebbFzpX9OR+Wa6O29asIogeRMzcGtAINdpMHHyAg10f05aSFVBbcEqGf/PXw1EjAZ+q2/bEBg3DvurK3Q==",
      "license": "Python-2.0"
    },
    "node_modules/chalk": {
      "version": "4.1.2",
      "resolved": "https://registry.npmjs.org/chalk/-/chalk-4.1.2.tgz",
      "integrity": "sha512-oKnbhFyRIXpUuez8iBMmyEa4nbj4IOQyuhc/wy9kY7/WVPcwIO9VA668Pu8RkO7+0G76SLROeyw9CpQ061i4mA==",
      "license": "MIT",
      "dependencies": {
        "ansi-styles": "^4.1.0",
        "supports-color": "^7.1.0"
      },
      "engines": {
        "node": ">=10"
      },
      "funding": {
        "url": "https://github.com/chalk/chalk?sponsor=1"
      }
    },
    "node_modules/color-convert": {
      "version": "2.0.1",
      "resolved": "https://registry.npmjs.org/color-convert/-/color-convert-2.0.1.tgz",
      "integrity": "sha512-RRECPsj7iu/xb5oKYcsFHSppFNnsj/52OVTRKb4zP5onXwVF3zVmmToNcOfGC+CRDpfK/U584fMg38ZHCaElKQ==",
      "license": "MIT",
      "dependencies": {
        "color-name": "~1.1.4"
      },
      "engines": {
        "node": ">=7.0.0"
      }
    },
    "node_modules/color-name": {
      "version": "1.1.4",
      "resolved": "https://registry.npmjs.org/color-name/-/color-name-1.1.4.tgz",
      "integrity": "sha512-dOy+3AuW3a2wNbZHIuMZpTcgjGuLU/uBL/ubcZF9OXbDo8ff4O8yVp5Bf0efS8uEoYo5q4Fx7dY9OgQGXgAsQA==",
      "license": "MIT"
    },
    "node_modules/has-flag": {
      "version": "4.0.0",
      "resolved": "https://registry.npmjs.org/has-flag/-/has-flag-4.0.0.tgz",
      "integrity": "sha512-EykJT/Q1KjTWctppgIAgfSO0tKVuZUjhgMr17kqTumMl6Afv3EISleU7qZUzoXDFTAHTDC4NOoG/ZxU3EvlMPQ==",
      "license": "MIT",
      "engines": {
        "node": ">=8"
      }
    },
    "node_modules/js-yaml": {
      "version": "5.1.0",
      "resolved": "https://registry.npmjs.org/js-yaml/-/js-yaml-5.1.0.tgz",
      "integrity": "sha512-s8VA5jkR8f22S3NAXmhKPFqGUduqZGlsufabVOgN14iTdw/RXcym7bKkbwjxLK9Yw2lEvvmJjFp119+KPeo8Kg==",
      "funding": [
        {
          "type": "github",
          "url": "https://github.com/sponsors/puzrin"
        },
        {
          "type": "github",
          "url": "https://github.com/sponsors/nodeca"
        }
      ],
      "license": "MIT",
      "dependencies": {
        "argparse": "^2.0.1"
      },
      "bin": {
        "js-yaml": "bin/js-yaml.mjs"
      }
    },
    "node_modules/node-addon-api": {
      "version": "8.8.0",
      "resolved": "https://registry.npmjs.org/node-addon-api/-/node-addon-api-8.8.0.tgz",
      "integrity": "sha512-c5Ko1fZJIJmzhFIkhRN76WTq+fC6tWnGy9CXA0fA+XygsWZmEwG8vmbkNqxMyoaa0Tin4djul49NzdVcJJcjeA==",
      "license": "MIT",
      "engines": {
        "node": "^18 || ^20 || >= 21"
      }
    },
    "node_modules/node-gyp-build": {
      "version": "4.8.4",
      "resolved": "https://registry.npmjs.org/node-gyp-build/-/node-gyp-build-4.8.4.tgz",
      "integrity": "sha512-LA4ZjwlnUblHVgq0oBF3Jl/6h/Nvs5fzBLwdEF4nuxnFdsfajde4WfxtJr3CaiH+F6ewcIB/q4jQ4UzPyid+CQ==",
      "license": "MIT",
      "bin": {
        "node-gyp-build": "bin.js",
        "node-gyp-build-optional": "optional.js",
        "node-gyp-build-test": "build-test.js"
      }
    },
    "node_modules/supports-color": {
      "version": "7.2.0",
      "resolved": "https://registry.npmjs.org/supports-color/-/supports-color-7.2.0.tgz",
      "integrity": "sha512-qpCAvRl9stuOHveKsn7HncJRvv501qIacKzQlO/+Lwxc9+0q2wLyv4Dfvt80/DPn2pqOBsJdDiogXGR9+OvwRw==",
      "license": "MIT",
      "dependencies": {
        "has-flag": "^4.0.0"
      },
      "engines": {
        "node": ">=8"
      }
    },
    "node_modules/tree-sitter": {
      "version": "0.21.1",
      "resolved": "https://registry.npmjs.org/tree-sitter/-/tree-sitter-0.21.1.tgz",
      "integrity": "sha512-7dxoA6kYvtgWw80265MyqJlkRl4yawIjO7S5MigytjELkX43fV2WsAXzsNfO7sBpPPCF5Gp0+XzHk0DwLCq3xQ==",
      "hasInstallScript": true,
      "license": "MIT",
      "dependencies": {
        "node-addon-api": "^8.0.0",
        "node-gyp-build": "^4.8.0"
      }
    },
    "node_modules/tree-sitter-javascript": {
      "version": "0.21.4",
      "resolved": "https://registry.npmjs.org/tree-sitter-javascript/-/tree-sitter-javascript-0.21.4.tgz",
      "integrity": "sha512-Lrk8yahebwrwc1sWJE9xPcz1OnnqiEV7Dh5fbN6EN3wNAdu9r06HpTqLqDwUUbnG4EB46Sfk+FJFAOldfoKLOw==",
      "hasInstallScript": true,
      "license": "MIT",
      "dependencies": {
        "node-addon-api": "^8.0.0",
        "node-gyp-build": "^4.8.1"
      },
      "peerDependencies": {
        "tree-sitter": "^0.21.1"
      },
      "peerDependenciesMeta": {
        "tree_sitter": {
          "optional": true
        }
      }
    },
    "node_modules/tree-sitter-typescript": {
      "version": "0.21.2",
      "resolved": "https://registry.npmjs.org/tree-sitter-typescript/-/tree-sitter-typescript-0.21.2.tgz",
      "integrity": "sha512-/RyNK41ZpkA8PuPZimR6pGLvNR1p0ibRUJwwQn4qAjyyLEIQD/BNlwS3NSxWtGsAWZe9gZ44VK1mWx2+eQVldg==",
      "hasInstallScript": true,
      "license": "MIT",
      "dependencies": {
        "node-addon-api": "^8.0.0",
        "node-gyp-build": "^4.8.1"
      },
      "peerDependencies": {
        "tree-sitter": "^0.21.0"
      },
      "peerDependenciesMeta": {
        "tree_sitter": {
          "optional": true
        }
      }
    }
  }
}
